
Microsoft Visual Studio Solution File, Format Version 12.00
# Visual Studio Version 17
VisualStudioVersion = 17.5.33502.453
MinimumVisualStudioVersion = 10.0.40219.1
Project("{9A19103F-16F7-4668-BE54-9A1E7A4F7556}") = "PixelEngine.Tests", ".\PixelEngine.Tests\PixelEngine.Tests.csproj", "{68E4E672-DC58-4D31-8FC5-D7BAE887FE67}"
EndProject
Project("{9A19103F-16F7-4668-BE54-9A1E7A4F7556}") = "PixelEngine.Base", ".\PixelEngine.Base\PixelEngine.Base.csproj", "{2DDFF82B-BF5A-43DA-9813-AB0E8702AD96}"
EndProject
Project("{9A19103F-16F7-4668-BE54-9A1E7A4F7556}") = "Pixels.SFML", ".\Pixels.SFML\Pixels.SFML.csproj", "{BA886845-0035-425C-945B-9DC0811220F8}"
EndProject
Global
	GlobalSection(SolutionConfigurationPlatforms) = preSolution
		Debug|Any CPU = Debug|Any CPU
		Debug|ARM = Debug|ARM
		Debug|ARM64 = Debug|ARM64
		Debug|x64 = Debug|x64
		Debug|x86 = Debug|x86
		Release|Any CPU = Release|Any CPU
		Release|ARM = Release|ARM
		Release|ARM64 = Release|ARM64
		Release|x64 = Release|x64
		Release|x86 = Release|x86
	EndGlobalSection
	GlobalSection(ProjectConfigurationPlatforms) = postSolution
		{68E4E672-DC58-4D31-8FC5-D7BAE887FE67}.Debug|Any CPU.ActiveCfg = Debug|Any CPU
		{68E4E672-DC58-4D31-8FC5-D7BAE887FE67}.Debug|Any CPU.Build.0 = Debug|Any CPU
		{68E4E672-DC58-4D31-8FC5-D7BAE887FE67}.Debug|ARM.ActiveCfg = Debug|Any CPU
		{68E4E672-DC58-4D31-8FC5-D7BAE887FE67}.Debug|ARM.Build.0 = Debug|Any CPU
		{68E4E672-DC58-4D31-8FC5-D7BAE887FE67}.Debug|ARM64.ActiveCfg = Debug|Any CPU
		{68E4E672-DC58-4D31-8FC5-D7BAE887FE67}.Debug|ARM64.Build.0 = Debug|Any CPU
		{68E4E672-DC58-4D31-8FC5-D7BAE887FE67}.Debug|x64.ActiveCfg = Debug|Any CPU
		{68E4E672-DC58-4D31-8FC5-D7BAE887FE67}.Debug|x64.Build.0 = Debug|Any CPU
		{68E4E672-DC58-4D31-8FC5-D7BAE887FE67}.Debug|x86.ActiveCfg = Debug|Any CPU
		{68E4E672-DC58-4D31-8FC5-D7BAE887FE67}.Debug|x86.Build.0 = Debug|Any CPU
		{68E4E672-DC58-4D31-8FC5-D7BAE887FE67}.Release|Any CPU.ActiveCfg = Release|Any CPU
		{68E4E672-DC58-4D31-8FC5-D7BAE887FE67}.Release|Any CPU.Build.0 = Release|Any CPU
		{68E4E672-DC58-4D31-8FC5-D7BAE887FE67}.Release|ARM.ActiveCfg = Release|Any CPU
		{68E4E672-DC58-4D31-8FC5-D7BAE887FE67}.Release|ARM.Build.0 = Release|Any CPU
		{68E4E672-DC58-4D31-8FC5-D7BAE887FE67}.Release|ARM64.ActiveCfg = Release|Any CPU
		{68E4E672-DC58-4D31-8FC5-D7BAE887FE67}.Release|ARM64.Build.0 = Release|Any CPU
		{68E4E672-DC58-4D31-8FC5-D7BAE887FE67}.Release|x64.ActiveCfg = Release|Any CPU
		{68E4E672-DC58-4D31-8FC5-D7BAE887FE67}.Release|x64.Build.0 = Release|Any CPU
		{68E4E672-DC58-4D31-8FC5-D7BAE887FE67}.Release|x86.ActiveCfg = Release|Any CPU
		{68E4E672-DC58-4D31-8FC5-D7BAE887FE67}.Release|x86.Build.0 = Release|Any CPU
		{2DDFF82B-BF5A-43DA-9813-AB0E8702AD96}.Debug|Any CPU.ActiveCfg = Debug|Any CPU
		{2DDFF82B-BF5A-43DA-9813-AB0E8702AD96}.Debug|Any CPU.Build.0 = Debug|Any CPU
		{2DDFF82B-BF5A-43DA-9813-AB0E8702AD96}.Debug|ARM.ActiveCfg = Debug|Any CPU
		{2DDFF82B-BF5A-43DA-9813-AB0E8702AD96}.Debug|ARM.Build.0 = Debug|Any CPU
		{2DDFF82B-BF5A-43DA-9813-AB0E8702AD96}.Debug|ARM64.ActiveCfg = Debug|Any CPU
		{2DDFF82B-BF5A-43DA-9813-AB0E8702AD96}.Debug|ARM64.Build.0 = Debug|Any CPU
		{2DDFF82B-BF5A-43DA-9813-AB0E8702AD96}.Debug|x64.ActiveCfg = Debug|Any CPU
		{2DDFF82B-BF5A-43DA-9813-AB0E8702AD96}.Debug|x64.Build.0 = Debug|Any CPU
		{2DDFF82B-BF5A-43DA-9813-AB0E8702AD96}.Debug|x86.ActiveCfg = Debug|Any CPU
		{2DDFF82B-BF5A-43DA-9813-AB0E8702AD96}.Debug|x86.Build.0 = Debug|Any CPU
		{2DDFF82B-BF5A-43DA-9813-AB0E8702AD96}.Release|Any CPU.ActiveCfg = Release|Any CPU
		{2DDFF82B-BF5A-43DA-9813-AB0E8702AD96}.Release|Any CPU.Build.0 = Release|Any CPU
		{2DDFF82B-BF5A-43DA-9813-AB0E8702AD96}.Release|ARM.ActiveCfg = Release|Any CPU
		{2DDFF82B-BF5A-43DA-9813-AB0E8702AD96}.Release|ARM.Build.0 = Release|Any CPU
		{2DDFF82B-BF5A-43DA-9813-AB0E8702AD96}.Release|ARM64.ActiveCfg = Release|Any CPU
		{2DDFF82B-BF5A-43DA-9813-AB0E8702AD96}.Release|ARM64.Build.0 = Release|Any CPU
		{2DDFF82B-BF5A-43DA-9813-AB0E8702AD96}.Release|x64.ActiveCfg = Release|Any CPU
		{2DDFF82B-BF5A-43DA-9813-AB0E8702AD96}.Release|x64.Build.0 = Release|Any CPU
		{2DDFF82B-BF5A-43DA-9813-AB0E8702AD96}.Release|x86.ActiveCfg = Release|Any CPU
		{2DDFF82B-BF5A-43DA-9813-AB0E8702AD96}.Release|x86.Build.0 = Release|Any CPU
		{BA886845-0035-425C-945B-9DC0811220F8}.Debug|Any CPU.ActiveCfg = Debug|Any CPU
		{BA886845-0035-425C-945B-9DC0811220F8}.Debug|Any CPU.Build.0 = Debug|Any CPU
		{BA886845-0035-425C-945B-9DC0811220F8}.Debug|ARM.ActiveCfg = Debug|Any CPU
		{BA886845-0035-425C-945B-9DC0811220F8}.Debug|ARM.Build.0 = Debug|Any CPU
		{BA886845-0035-425C-945B-9DC0811220F8}.Debug|ARM64.ActiveCfg = Debug|Any CPU
		{BA886845-0035-425C-945B-9DC0811220F8}.Debug|ARM64.Build.0 = Debug|Any CPU
		{BA886845-0035-425C-945B-9DC0811220F8}.Debug|x64.ActiveCfg = Debug|Any CPU
		{BA886845-0035-425C-945B-9DC0811220F8}.Debug|x64.Build.0 = Debug|Any CPU
		{BA886845-0035-425C-945B-9DC0811220F8}.Debug|x86.ActiveCfg = Debug|Any CPU
		{BA886845-0035-425C-945B-9DC0811220F8}.Debug|x86.Build.0 = Debug|Any CPU
		{BA886845-0035-425C-945B-9DC0811220F8}.Release|Any CPU.ActiveCfg = Release|Any CPU
		{BA886845-0035-425C-945B-9DC0811220F8}.Release|Any CPU.Build.0 = Release|Any CPU
		{BA886845-0035-425C-945B-9DC0811220F8}.Release|ARM.ActiveCfg = Release|Any CPU
		{BA886845-0035-425C-945B-9DC0811220F8}.Release|ARM.Build.0 = Release|Any CPU
		{BA886845-0035-425C-945B-9DC0811220F8}.Release|ARM64.ActiveCfg = Release|Any CPU
		{BA886845-0035-425C-945B-9DC0811220F8}.Release|ARM64.Build.0 = Release|Any CPU
		{BA886845-0035-425C-945B-9DC0811220F8}.Release|x64.ActiveCfg = Release|Any CPU
		{BA886845-0035-425C-945B-9DC0811220F8}.Release|x64.Build.0 = Release|Any CPU
		{BA886845-0035-425C-945B-9DC0811220F8}.Release|x86.ActiveCfg = Release|Any CPU
		{BA886845-0035-425C-945B-9DC0811220F8}.Release|x86.Build.0 = Release|Any CPU
	EndGlobalSection
	GlobalSection(SolutionProperties) = preSolution
		HideSolutionNode = FALSE
	EndGlobalSection
	GlobalSection(ExtensibilityGlobals) = postSolution
		SolutionGuid = {D0C29C6B-B419-4B94-A761-7C17D05A5CE6}
	EndGlobalSection
EndGlobal
